{
  "name": "@github/copilot",
  "version": "1.0.54",
  "lockfileVersion": 3,
  "requires": true,
  "packages": {
    "": {
      "name": "@github/copilot",
      "version": "1.0.54",
      "license": "SEE LICENSE IN LICENSE.md",
      "dependencies": {
        "detect-libc": "^2.1.2"
      },
      "bin": {
        "copilot": "npm-loader.js"
      },
      "optionalDependencies": {
        "@github/copilot-darwin-arm64": "1.0.54",
        "@github/copilot-darwin-x64": "1.0.54",
        "@github/copilot-linux-arm64": "1.0.54",
        "@github/copilot-linux-x64": "1.0.54",
        "@github/copilot-linuxmusl-arm64": "1.0.54",
        "@github/copilot-linuxmusl-x64": "1.0.54",
        "@github/copilot-win32-arm64": "1.0.54",
        "@github/copilot-win32-x64": "1.0.54"
      }
    },
    "node_modules/@github/copilot-darwin-arm64": {
      "version": "1.0.54",
      "resolved": "https://registry.npmjs.org/@github/copilot-darwin-arm64/-/copilot-darwin-arm64-1.0.54.tgz",
      "integrity": "sha512-ZRiKkxCvDccdGSNB/gmge4UkqMsWWZNIOr0pcim4/x2YUdHbh9cex9RZRjEMXijtUkBTzW5DP/cACuoAqTCyEg==",
      "cpu": [
        "arm64"
      ],
      "license": "SEE LICENSE IN LICENSE.md",
      "optional": true,
      "os": [
        "darwin"
      ],
      "bin": {
        "copilot-darwin-arm64": "copilot"
      }
    },
    "node_modules/@github/copilot-darwin-x64": {
      "version": "1.0.54",
      "resolved": "https://registry.npmjs.org/@github/copilot-darwin-x64/-/copilot-darwin-x64-1.0.54.tgz",
      "integrity": "sha512-DGqs8x5r4y+SebMco890lNsPrqe6L4v2hCmV1IQ1pvYPvD1o1NMVSZPAQhkdvUeR5bqusOg8+0ugIZOQGTFpFQ==",
      "cpu": [
        "x64"
      ],
      "license": "SEE LICENSE IN LICENSE.md",
      "optional": true,
      "os": [
        "darwin"
      ],
      "bin": {
        "copilot-darwin-x64": "copilot"
      }
    },
    "node_modules/@github/copilot-linux-arm64": {
      "version": "1.0.54",
      "resolved": "https://registry.npmjs.org/@github/copilot-linux-arm64/-/copilot-linux-arm64-1.0.54.tgz",
      "integrity": "sha512-waVKu6RuG8YBvCoGrOgtsOxmnfLaUywvbqZXRgvMya1m4akRkMi5r9B2UDr3+egjChp+FIUJVbGIoXN6ZST0rQ==",
      "cpu": [
        "arm64"
      ],
      "libc": [
        "glibc"
      ],
      "license": "SEE LICENSE IN LICENSE.md",
      "optional": true,
      "os": [
        "linux"
      ],
      "bin": {
        "copilot-linux-arm64": "copilot"
      }
    },
    "node_modules/@github/copilot-linux-x64": {
      "version": "1.0.54",
      "resolved": "https://registry.npmjs.org/@github/copilot-linux-x64/-/copilot-linux-x64-1.0.54.tgz",
      "integrity": "sha512-u/ltZa+HDIuhMivkIwkkuylRdEMk5Lp0XjE9w/OityW+BPKjZ+VKAmJ1/1Xm/uUx1IUlZaE3TJnka52wVNOD0A==",
      "cpu": [
        "x64"
      ],
      "libc": [
        "glibc"
      ],
      "license": "SEE LICENSE IN LICENSE.md",
      "optional": true,
      "os": [
        "linux"
      ],
      "bin": {
        "copilot-linux-x64": "copilot"
      }
    },
    "node_modules/@github/copilot-linuxmusl-arm64": {
      "version": "1.0.54",
      "resolved": "https://registry.npmjs.org/@github/copilot-linuxmusl-arm64/-/copilot-linuxmusl-arm64-1.0.54.tgz",
      "integrity": "sha512-21LLjoQnD57Y1fvO56G1FGVbkt/ffZNDpHqVe2NW7C4r78Gn0hOTqwp+xWRUMpdmxrGZyKeFjX8jK6qox2uF5w==",
      "cpu": [
        "arm64"
      ],
      "libc": [
        "musl"
      ],
      "license": "SEE LICENSE IN LICENSE.md",
      "optional": true,
      "os": [
        "linux"
      ],
      "bin": {
        "copilot-linuxmusl-arm64": "copilot"
      }
    },
    "node_modules/@github/copilot-linuxmusl-x64": {
      "version": "1.0.54",
      "resolved": "https://registry.npmjs.org/@github/copilot-linuxmusl-x64/-/copilot-linuxmusl-x64-1.0.54.tgz",
      "integrity": "sha512-sbeATKa9vaIetsY1vhQJO0PN/5FgoK48wkGBWCy4BpO8ER/kGYczT22qv6n96gBYrVmC2IZuTFTM4GFpC3bbBw==",
      "cpu": [
        "x64"
      ],
      "libc": [
        "musl"
      ],
      "license": "SEE LICENSE IN LICENSE.md",
      "optional": true,
      "os": [
        "linux"
      ],
      "bin": {
        "copilot-linuxmusl-x64": "copilot"
      }
    },
    "node_modules/@github/copilot-win32-arm64": {
      "version": "1.0.54",
      "resolved": "https://registry.npmjs.org/@github/copilot-win32-arm64/-/copilot-win32-arm64-1.0.54.tgz",
      "integrity": "sha512-muOX8qrJSi56BWQejkH0TgXpZYRO8Y9k1qIfMuRojZyLyATn1P4lIKb67ZqDCXJLkcPfVJ5eJYsSAeGwU3Qpww==",
      "cpu": [
        "arm64"
      ],
      "license": "SEE LICENSE IN LICENSE.md",
      "optional": true,
      "os": [
        "win32"
      ],
      "bin": {
        "copilot-win32-arm64": "copilot.exe"
      }
    },
    "node_modules/@github/copilot-win32-x64": {
      "version": "1.0.54",
      "resolved": "https://registry.npmjs.org/@github/copilot-win32-x64/-/copilot-win32-x64-1.0.54.tgz",
      "integrity": "sha512-BheXmqrYFmfRXA0iveKkjKks/2wgK5glrEOARomzy3JCbvVMSPIE8YeK+3YysiOh2SUkWjahwJc09cxaBq4+qQ==",
      "cpu": [
        "x64"
      ],
      "license": "SEE LICENSE IN LICENSE.md",
      "optional": true,
      "os": [
        "win32"
      ],
      "bin": {
        "copilot-win32-x64": "copilot.exe"
      }
    },
    "node_modules/detect-libc": {
      "version": "2.1.2",
      "resolved": "https://registry.npmjs.org/detect-libc/-/detect-libc-2.1.2.tgz",
      "integrity": "sha512-Btj2BOOO83o3WyH59e8MgXsxEQVcarkUOpEYrubB0urwnN10yQ364rsiByU11nZlqWYZm05i/of7io4mzihBtQ==",
      "license": "Apache-2.0",
      "engines": {
        "node": ">=8"
      }
    }
  }
}
