{
  "name": "@github/copilot",
  "version": "1.0.47",
  "lockfileVersion": 3,
  "requires": true,
  "packages": {
    "": {
      "name": "@github/copilot",
      "version": "1.0.47",
      "license": "SEE LICENSE IN LICENSE.md",
      "bin": {
        "copilot": "npm-loader.js"
      },
      "optionalDependencies": {
        "@github/copilot-darwin-arm64": "1.0.47",
        "@github/copilot-darwin-x64": "1.0.47",
        "@github/copilot-linux-arm64": "1.0.47",
        "@github/copilot-linux-x64": "1.0.47",
        "@github/copilot-win32-arm64": "1.0.47",
        "@github/copilot-win32-x64": "1.0.47"
      }
    },
    "node_modules/@github/copilot-darwin-arm64": {
      "version": "1.0.47",
      "resolved": "https://registry.npmjs.org/@github/copilot-darwin-arm64/-/copilot-darwin-arm64-1.0.47.tgz",
      "integrity": "sha512-sGuN+7VfBjOTbPkyKFm0dPfp1hwyNsJVkNsV+3xmOwVsGy3nhROc76sQ5SWWSmyDGl7H58KnpPazlSDwbpf4PQ==",
      "cpu": [
        "arm64"
      ],
      "license": "SEE LICENSE IN LICENSE.md",
      "optional": true,
      "os": [
        "darwin"
      ],
      "bin": {
        "copilot-darwin-arm64": "copilot"
      }
    },
    "node_modules/@github/copilot-darwin-x64": {
      "version": "1.0.47",
      "resolved": "https://registry.npmjs.org/@github/copilot-darwin-x64/-/copilot-darwin-x64-1.0.47.tgz",
      "integrity": "sha512-nVHYbzvOau5zy4nONWZPXROIrqzd7DhY12bMkE7spLe7lj0Sh6MFtTdPpMT7kkaObEikGYLTrZtOUpguwqHkmA==",
      "cpu": [
        "x64"
      ],
      "license": "SEE LICENSE IN LICENSE.md",
      "optional": true,
      "os": [
        "darwin"
      ],
      "bin": {
        "copilot-darwin-x64": "copilot"
      }
    },
    "node_modules/@github/copilot-linux-arm64": {
      "version": "1.0.47",
      "resolved": "https://registry.npmjs.org/@github/copilot-linux-arm64/-/copilot-linux-arm64-1.0.47.tgz",
      "integrity": "sha512-7aDoE6pnSGcCTuPdJKyHfzif/Rj1z5UE0gLMHHQMo1QIYJkUZFX7mV8Ng4zB+2edq8lNL5DiYRcbFajV54ibSg==",
      "cpu": [
        "arm64"
      ],
      "license": "SEE LICENSE IN LICENSE.md",
      "optional": true,
      "os": [
        "linux"
      ],
      "bin": {
        "copilot-linux-arm64": "copilot"
      }
    },
    "node_modules/@github/copilot-linux-x64": {
      "version": "1.0.47",
      "resolved": "https://registry.npmjs.org/@github/copilot-linux-x64/-/copilot-linux-x64-1.0.47.tgz",
      "integrity": "sha512-wB5ekOdoxM/6Ogguk54fqJTHTRJkXwUIyzrbYaMy7zANE82jeRE1PQqs+5SdUZXq2IBMZIN1vq6bM56gpb54qg==",
      "cpu": [
        "x64"
      ],
      "license": "SEE LICENSE IN LICENSE.md",
      "optional": true,
      "os": [
        "linux"
      ],
      "bin": {
        "copilot-linux-x64": "copilot"
      }
    },
    "node_modules/@github/copilot-win32-arm64": {
      "version": "1.0.47",
      "resolved": "https://registry.npmjs.org/@github/copilot-win32-arm64/-/copilot-win32-arm64-1.0.47.tgz",
      "integrity": "sha512-AenPXpTeXApOh25biS+Vmc1Uau78OLHxeXjXDF6Po07xWO7fVzorEK0hnSoD6xmpjptvP2MDSMk4as7jyvM0sQ==",
      "cpu": [
        "arm64"
      ],
      "license": "SEE LICENSE IN LICENSE.md",
      "optional": true,
      "os": [
        "win32"
      ],
      "bin": {
        "copilot-win32-arm64": "copilot.exe"
      }
    },
    "node_modules/@github/copilot-win32-x64": {
      "version": "1.0.47",
      "resolved": "https://registry.npmjs.org/@github/copilot-win32-x64/-/copilot-win32-x64-1.0.47.tgz",
      "integrity": "sha512-35bOBTTIm31rgbvFDogAMojWMSV6sLTd3mGjLl1Lf/d0KZGCGLqWXAYMAcV3grEjiAEXxlLLzNs8OfBR/9OdZg==",
      "cpu": [
        "x64"
      ],
      "license": "SEE LICENSE IN LICENSE.md",
      "optional": true,
      "os": [
        "win32"
      ],
      "bin": {
        "copilot-win32-x64": "copilot.exe"
      }
    }
  }
}
